
Microsoft Visual Studio Solution File, Format Version 12.00
# Visual Studio Version 17
VisualStudioVersion = 17.0.31903.59
MinimumVisualStudioVersion = 10.0.40219.1
Project("{2150E333-8FDC-42A3-9474-1A3956D46DE8}") = "src", "src", "{827E0CD3-B72D-47B6-A68D-7590B98EB39B}"
EndProject
Project("{FAE04EC0-301F-11D3-BF4B-00C04F79EFBC}") = "TableHall.Api", "src\TableHall.Api\TableHall.Api.csproj", "{EB710F7A-EE82-40F0-B01D-425D2429E099}"
EndProject
Project("{FAE04EC0-301F-11D3-BF4B-00C04F79EFBC}") = "TableHall.Domain", "src\TableHall.Domain\TableHall.Domain.csproj", "{66090A70-5C85-4A79-9516-46E521918464}"
EndProject
Project("{FAE04EC0-301F-11D3-BF4B-00C04F79EFBC}") = "TableHall.Application", "src\TableHall.Application\TableHall.Application.csproj", "{9A8A9C5E-B32A-427D-8BC8-4187F98B158B}"
EndProject
Project("{FAE04EC0-301F-11D3-BF4B-00C04F79EFBC}") = "TableHall.Infrastructure", "src\TableHall.Infrastructure\TableHall.Infrastructure.csproj", "{D6E6435B-F78E-4DBD-A80C-BBACFC61D25C}"
EndProject
Project("{FAE04EC0-301F-11D3-BF4B-00C04F79EFBC}") = "TableHall.Contracts", "src\TableHall.Contracts\TableHall.Contracts.csproj", "{E21D5F42-B398-40EF-B9D6-8FD99EAB227E}"
EndProject
Project("{FAE04EC0-301F-11D3-BF4B-00C04F79EFBC}") = "TableHall.Migrator", "src\TableHall.Migrator\TableHall.Migrator.csproj", "{7B726495-A8E3-4554-B9B8-AF3DBC37290F}"
EndProject
Project("{2150E333-8FDC-42A3-9474-1A3956D46DE8}") = "tests", "tests", "{0AB3BF05-4346-4AA6-1389-037BE0695223}"
EndProject
Project("{FAE04EC0-301F-11D3-BF4B-00C04F79EFBC}") = "TableHall.Domain.Tests.Unit", "tests\TableHall.Domain.Tests.Unit\TableHall.Domain.Tests.Unit.csproj", "{3E137FBA-7BD4-40D3-A3B9-DC7E295B17E7}"
EndProject
Project("{FAE04EC0-301F-11D3-BF4B-00C04F79EFBC}") = "TableHall.Application.Tests.Unit", "tests\TableHall.Application.Tests.Unit\TableHall.Application.Tests.Unit.csproj", "{8A62F862-E39B-44AC-98DB-65A278E0BA69}"
EndProject
Project("{FAE04EC0-301F-11D3-BF4B-00C04F79EFBC}") = "TableHall.Api.Tests.Integration", "tests\TableHall.Api.Tests.Integration\TableHall.Api.Tests.Integration.csproj", "{1F4FFEE8-7C74-410E-8951-76E3E739D0C5}"
EndProject
Project("{FAE04EC0-301F-11D3-BF4B-00C04F79EFBC}") = "TableHall.Infrastructure.Tests.Integration", "tests\TableHall.Infrastructure.Tests.Integration\TableHall.Infrastructure.Tests.Integration.csproj", "{F54E24CF-EED6-4575-8BD4-DC0B98FF0B04}"
EndProject
Global
	GlobalSection(SolutionConfigurationPlatforms) = preSolution
		Debug|Any CPU = Debug|Any CPU
		Debug|x64 = Debug|x64
		Debug|x86 = Debug|x86
		Release|Any CPU = Release|Any CPU
		Release|x64 = Release|x64
		Release|x86 = Release|x86
	EndGlobalSection
	GlobalSection(ProjectConfigurationPlatforms) = postSolution
		{EB710F7A-EE82-40F0-B01D-425D2429E099}.Debug|Any CPU.ActiveCfg = Debug|Any CPU
		{EB710F7A-EE82-40F0-B01D-425D2429E099}.Debug|Any CPU.Build.0 = Debug|Any CPU
		{EB710F7A-EE82-40F0-B01D-425D2429E099}.Debug|x64.ActiveCfg = Debug|Any CPU
		{EB710F7A-EE82-40F0-B01D-425D2429E099}.Debug|x64.Build.0 = Debug|Any CPU
		{EB710F7A-EE82-40F0-B01D-425D2429E099}.Debug|x86.ActiveCfg = Debug|Any CPU
		{EB710F7A-EE82-40F0-B01D-425D2429E099}.Debug|x86.Build.0 = Debug|Any CPU
		{EB710F7A-EE82-40F0-B01D-425D2429E099}.Release|Any CPU.ActiveCfg = Release|Any CPU
		{EB710F7A-EE82-40F0-B01D-425D2429E099}.Release|Any CPU.Build.0 = Release|Any CPU
		{EB710F7A-EE82-40F0-B01D-425D2429E099}.Release|x64.ActiveCfg = Release|Any CPU
		{EB710F7A-EE82-40F0-B01D-425D2429E099}.Release|x64.Build.0 = Release|Any CPU
		{EB710F7A-EE82-40F0-B01D-425D2429E099}.Release|x86.ActiveCfg = Release|Any CPU
		{EB710F7A-EE82-40F0-B01D-425D2429E099}.Release|x86.Build.0 = Release|Any CPU
		{66090A70-5C85-4A79-9516-46E521918464}.Debug|Any CPU.ActiveCfg = Debug|Any CPU
		{66090A70-5C85-4A79-9516-46E521918464}.Debug|Any CPU.Build.0 = Debug|Any CPU
		{66090A70-5C85-4A79-9516-46E521918464}.Debug|x64.ActiveCfg = Debug|Any CPU
		{66090A70-5C85-4A79-9516-46E521918464}.Debug|x64.Build.0 = Debug|Any CPU
		{66090A70-5C85-4A79-9516-46E521918464}.Debug|x86.ActiveCfg = Debug|Any CPU
		{66090A70-5C85-4A79-9516-46E521918464}.Debug|x86.Build.0 = Debug|Any CPU
		{66090A70-5C85-4A79-9516-46E521918464}.Release|Any CPU.ActiveCfg = Release|Any CPU
		{66090A70-5C85-4A79-9516-46E521918464}.Release|Any CPU.Build.0 = Release|Any CPU
		{66090A70-5C85-4A79-9516-46E521918464}.Release|x64.ActiveCfg = Release|Any CPU
		{66090A70-5C85-4A79-9516-46E521918464}.Release|x64.Build.0 = Release|Any CPU
		{66090A70-5C85-4A79-9516-46E521918464}.Release|x86.ActiveCfg = Release|Any CPU
		{66090A70-5C85-4A79-9516-46E521918464}.Release|x86.Build.0 = Release|Any CPU
		{9A8A9C5E-B32A-427D-8BC8-4187F98B158B}.Debug|Any CPU.ActiveCfg = Debug|Any CPU
		{9A8A9C5E-B32A-427D-8BC8-4187F98B158B}.Debug|Any CPU.Build.0 = Debug|Any CPU
		{9A8A9C5E-B32A-427D-8BC8-4187F98B158B}.Debug|x64.ActiveCfg = Debug|Any CPU
		{9A8A9C5E-B32A-427D-8BC8-4187F98B158B}.Debug|x64.Build.0 = Debug|Any CPU
		{9A8A9C5E-B32A-427D-8BC8-4187F98B158B}.Debug|x86.ActiveCfg = Debug|Any CPU
		{9A8A9C5E-B32A-427D-8BC8-4187F98B158B}.Debug|x86.Build.0 = Debug|Any CPU
		{9A8A9C5E-B32A-427D-8BC8-4187F98B158B}.Release|Any CPU.ActiveCfg = Release|Any CPU
		{9A8A9C5E-B32A-427D-8BC8-4187F98B158B}.Release|Any CPU.Build.0 = Release|Any CPU
		{9A8A9C5E-B32A-427D-8BC8-4187F98B158B}.Release|x64.ActiveCfg = Release|Any CPU
		{9A8A9C5E-B32A-427D-8BC8-4187F98B158B}.Release|x64.Build.0 = Release|Any CPU
		{9A8A9C5E-B32A-427D-8BC8-4187F98B158B}.Release|x86.ActiveCfg = Release|Any CPU
		{9A8A9C5E-B32A-427D-8BC8-4187F98B158B}.Release|x86.Build.0 = Release|Any CPU
		{D6E6435B-F78E-4DBD-A80C-BBACFC61D25C}.Debug|Any CPU.ActiveCfg = Debug|Any CPU
		{D6E6435B-F78E-4DBD-A80C-BBACFC61D25C}.Debug|Any CPU.Build.0 = Debug|Any CPU
		{D6E6435B-F78E-4DBD-A80C-BBACFC61D25C}.Debug|x64.ActiveCfg = Debug|Any CPU
		{D6E6435B-F78E-4DBD-A80C-BBACFC61D25C}.Debug|x64.Build.0 = Debug|Any CPU
		{D6E6435B-F78E-4DBD-A80C-BBACFC61D25C}.Debug|x86.ActiveCfg = Debug|Any CPU
		{D6E6435B-F78E-4DBD-A80C-BBACFC61D25C}.Debug|x86.Build.0 = Debug|Any CPU
		{D6E6435B-F78E-4DBD-A80C-BBACFC61D25C}.Release|Any CPU.ActiveCfg = Release|Any CPU
		{D6E6435B-F78E-4DBD-A80C-BBACFC61D25C}.Release|Any CPU.Build.0 = Release|Any CPU
		{D6E6435B-F78E-4DBD-A80C-BBACFC61D25C}.Release|x64.ActiveCfg = Release|Any CPU
		{D6E6435B-F78E-4DBD-A80C-BBACFC61D25C}.Release|x64.Build.0 = Release|Any CPU
		{D6E6435B-F78E-4DBD-A80C-BBACFC61D25C}.Release|x86.ActiveCfg = Release|Any CPU
		{D6E6435B-F78E-4DBD-A80C-BBACFC61D25C}.Release|x86.Build.0 = Release|Any CPU
		{E21D5F42-B398-40EF-B9D6-8FD99EAB227E}.Debug|Any CPU.ActiveCfg = Debug|Any CPU
		{E21D5F42-B398-40EF-B9D6-8FD99EAB227E}.Debug|Any CPU.Build.0 = Debug|Any CPU
		{E21D5F42-B398-40EF-B9D6-8FD99EAB227E}.Debug|x64.ActiveCfg = Debug|Any CPU
		{E21D5F42-B398-40EF-B9D6-8FD99EAB227E}.Debug|x64.Build.0 = Debug|Any CPU
		{E21D5F42-B398-40EF-B9D6-8FD99EAB227E}.Debug|x86.ActiveCfg = Debug|Any CPU
		{E21D5F42-B398-40EF-B9D6-8FD99EAB227E}.Debug|x86.Build.0 = Debug|Any CPU
		{E21D5F42-B398-40EF-B9D6-8FD99EAB227E}.Release|Any CPU.ActiveCfg = Release|Any CPU
		{E21D5F42-B398-40EF-B9D6-8FD99EAB227E}.Release|Any CPU.Build.0 = Release|Any CPU
		{E21D5F42-B398-40EF-B9D6-8FD99EAB227E}.Release|x64.ActiveCfg = Release|Any CPU
		{E21D5F42-B398-40EF-B9D6-8FD99EAB227E}.Release|x64.Build.0 = Release|Any CPU
		{E21D5F42-B398-40EF-B9D6-8FD99EAB227E}.Release|x86.ActiveCfg = Release|Any CPU
		{E21D5F42-B398-40EF-B9D6-8FD99EAB227E}.Release|x86.Build.0 = Release|Any CPU
		{7B726495-A8E3-4554-B9B8-AF3DBC37290F}.Debug|Any CPU.ActiveCfg = Debug|Any CPU
		{7B726495-A8E3-4554-B9B8-AF3DBC37290F}.Debug|Any CPU.Build.0 = Debug|Any CPU
		{7B726495-A8E3-4554-B9B8-AF3DBC37290F}.Debug|x64.ActiveCfg = Debug|Any CPU
		{7B726495-A8E3-4554-B9B8-AF3DBC37290F}.Debug|x64.Build.0 = Debug|Any CPU
		{7B726495-A8E3-4554-B9B8-AF3DBC37290F}.Debug|x86.ActiveCfg = Debug|Any CPU
		{7B726495-A8E3-4554-B9B8-AF3DBC37290F}.Debug|x86.Build.0 = Debug|Any CPU
		{7B726495-A8E3-4554-B9B8-AF3DBC37290F}.Release|Any CPU.ActiveCfg = Release|Any CPU
		{7B726495-A8E3-4554-B9B8-AF3DBC37290F}.Release|Any CPU.Build.0 = Release|Any CPU
		{7B726495-A8E3-4554-B9B8-AF3DBC37290F}.Release|x64.ActiveCfg = Release|Any CPU
		{7B726495-A8E3-4554-B9B8-AF3DBC37290F}.Release|x64.Build.0 = Release|Any CPU
		{7B726495-A8E3-4554-B9B8-AF3DBC37290F}.Release|x86.ActiveCfg = Release|Any CPU
		{7B726495-A8E3-4554-B9B8-AF3DBC37290F}.Release|x86.Build.0 = Release|Any CPU
		{3E137FBA-7BD4-40D3-A3B9-DC7E295B17E7}.Debug|Any CPU.ActiveCfg = Debug|Any CPU
		{3E137FBA-7BD4-40D3-A3B9-DC7E295B17E7}.Debug|Any CPU.Build.0 = Debug|Any CPU
		{3E137FBA-7BD4-40D3-A3B9-DC7E295B17E7}.Debug|x64.ActiveCfg = Debug|Any CPU
		{3E137FBA-7BD4-40D3-A3B9-DC7E295B17E7}.Debug|x64.Build.0 = Debug|Any CPU
		{3E137FBA-7BD4-40D3-A3B9-DC7E295B17E7}.Debug|x86.ActiveCfg = Debug|Any CPU
		{3E137FBA-7BD4-40D3-A3B9-DC7E295B17E7}.Debug|x86.Build.0 = Debug|Any CPU
		{3E137FBA-7BD4-40D3-A3B9-DC7E295B17E7}.Release|Any CPU.ActiveCfg = Release|Any CPU
		{3E137FBA-7BD4-40D3-A3B9-DC7E295B17E7}.Release|Any CPU.Build.0 = Release|Any CPU
		{3E137FBA-7BD4-40D3-A3B9-DC7E295B17E7}.Release|x64.ActiveCfg = Release|Any CPU
		{3E137FBA-7BD4-40D3-A3B9-DC7E295B17E7}.Release|x64.Build.0 = Release|Any CPU
		{3E137FBA-7BD4-40D3-A3B9-DC7E295B17E7}.Release|x86.ActiveCfg = Release|Any CPU
		{3E137FBA-7BD4-40D3-A3B9-DC7E295B17E7}.Release|x86.Build.0 = Release|Any CPU
		{8A62F862-E39B-44AC-98DB-65A278E0BA69}.Debug|Any CPU.ActiveCfg = Debug|Any CPU
		{8A62F862-E39B-44AC-98DB-65A278E0BA69}.Debug|Any CPU.Build.0 = Debug|Any CPU
		{8A62F862-E39B-44AC-98DB-65A278E0BA69}.Debug|x64.ActiveCfg = Debug|Any CPU
		{8A62F862-E39B-44AC-98DB-65A278E0BA69}.Debug|x64.Build.0 = Debug|Any CPU
		{8A62F862-E39B-44AC-98DB-65A278E0BA69}.Debug|x86.ActiveCfg = Debug|Any CPU
		{8A62F862-E39B-44AC-98DB-65A278E0BA69}.Debug|x86.Build.0 = Debug|Any CPU
		{8A62F862-E39B-44AC-98DB-65A278E0BA69}.Release|Any CPU.ActiveCfg = Release|Any CPU
		{8A62F862-E39B-44AC-98DB-65A278E0BA69}.Release|Any CPU.Build.0 = Release|Any CPU
		{8A62F862-E39B-44AC-98DB-65A278E0BA69}.Release|x64.ActiveCfg = Release|Any CPU
		{8A62F862-E39B-44AC-98DB-65A278E0BA69}.Release|x64.Build.0 = Release|Any CPU
		{8A62F862-E39B-44AC-98DB-65A278E0BA69}.Release|x86.ActiveCfg = Release|Any CPU
		{8A62F862-E39B-44AC-98DB-65A278E0BA69}.Release|x86.Build.0 = Release|Any CPU
		{1F4FFEE8-7C74-410E-8951-76E3E739D0C5}.Debug|Any CPU.ActiveCfg = Debug|Any CPU
		{1F4FFEE8-7C74-410E-8951-76E3E739D0C5}.Debug|Any CPU.Build.0 = Debug|Any CPU
		{1F4FFEE8-7C74-410E-8951-76E3E739D0C5}.Debug|x64.ActiveCfg = Debug|Any CPU
		{1F4FFEE8-7C74-410E-8951-76E3E739D0C5}.Debug|x64.Build.0 = Debug|Any CPU
		{1F4FFEE8-7C74-410E-8951-76E3E739D0C5}.Debug|x86.ActiveCfg = Debug|Any CPU
		{1F4FFEE8-7C74-410E-8951-76E3E739D0C5}.Debug|x86.Build.0 = Debug|Any CPU
		{1F4FFEE8-7C74-410E-8951-76E3E739D0C5}.Release|Any CPU.ActiveCfg = Release|Any CPU
		{1F4FFEE8-7C74-410E-8951-76E3E739D0C5}.Release|Any CPU.Build.0 = Release|Any CPU
		{1F4FFEE8-7C74-410E-8951-76E3E739D0C5}.Release|x64.ActiveCfg = Release|Any CPU
		{1F4FFEE8-7C74-410E-8951-76E3E739D0C5}.Release|x64.Build.0 = Release|Any CPU
		{1F4FFEE8-7C74-410E-8951-76E3E739D0C5}.Release|x86.ActiveCfg = Release|Any CPU
		{1F4FFEE8-7C74-410E-8951-76E3E739D0C5}.Release|x86.Build.0 = Release|Any CPU
		{F54E24CF-EED6-4575-8BD4-DC0B98FF0B04}.Debug|Any CPU.ActiveCfg = Debug|Any CPU
		{F54E24CF-EED6-4575-8BD4-DC0B98FF0B04}.Debug|Any CPU.Build.0 = Debug|Any CPU
		{F54E24CF-EED6-4575-8BD4-DC0B98FF0B04}.Debug|x64.ActiveCfg = Debug|Any CPU
		{F54E24CF-EED6-4575-8BD4-DC0B98FF0B04}.Debug|x64.Build.0 = Debug|Any CPU
		{F54E24CF-EED6-4575-8BD4-DC0B98FF0B04}.Debug|x86.ActiveCfg = Debug|Any CPU
		{F54E24CF-EED6-4575-8BD4-DC0B98FF0B04}.Debug|x86.Build.0 = Debug|Any CPU
		{F54E24CF-EED6-4575-8BD4-DC0B98FF0B04}.Release|Any CPU.ActiveCfg = Release|Any CPU
		{F54E24CF-EED6-4575-8BD4-DC0B98FF0B04}.Release|Any CPU.Build.0 = Release|Any CPU
		{F54E24CF-EED6-4575-8BD4-DC0B98FF0B04}.Release|x64.ActiveCfg = Release|Any CPU
		{F54E24CF-EED6-4575-8BD4-DC0B98FF0B04}.Release|x64.Build.0 = Release|Any CPU
		{F54E24CF-EED6-4575-8BD4-DC0B98FF0B04}.Release|x86.ActiveCfg = Release|Any CPU
		{F54E24CF-EED6-4575-8BD4-DC0B98FF0B04}.Release|x86.Build.0 = Release|Any CPU
	EndGlobalSection
	GlobalSection(SolutionProperties) = preSolution
		HideSolutionNode = FALSE
	EndGlobalSection
	GlobalSection(NestedProjects) = preSolution
		{EB710F7A-EE82-40F0-B01D-425D2429E099} = {827E0CD3-B72D-47B6-A68D-7590B98EB39B}
		{66090A70-5C85-4A79-9516-46E521918464} = {827E0CD3-B72D-47B6-A68D-7590B98EB39B}
		{9A8A9C5E-B32A-427D-8BC8-4187F98B158B} = {827E0CD3-B72D-47B6-A68D-7590B98EB39B}
		{D6E6435B-F78E-4DBD-A80C-BBACFC61D25C} = {827E0CD3-B72D-47B6-A68D-7590B98EB39B}
		{E21D5F42-B398-40EF-B9D6-8FD99EAB227E} = {827E0CD3-B72D-47B6-A68D-7590B98EB39B}
		{7B726495-A8E3-4554-B9B8-AF3DBC37290F} = {827E0CD3-B72D-47B6-A68D-7590B98EB39B}
		{3E137FBA-7BD4-40D3-A3B9-DC7E295B17E7} = {0AB3BF05-4346-4AA6-1389-037BE0695223}
		{8A62F862-E39B-44AC-98DB-65A278E0BA69} = {0AB3BF05-4346-4AA6-1389-037BE0695223}
		{1F4FFEE8-7C74-410E-8951-76E3E739D0C5} = {0AB3BF05-4346-4AA6-1389-037BE0695223}
		{F54E24CF-EED6-4575-8BD4-DC0B98FF0B04} = {0AB3BF05-4346-4AA6-1389-037BE0695223}
	EndGlobalSection
EndGlobal
